// !$*UTF8*$!
{
	archiveVersion = 1;
	classes = {
	};
	objectVersion = 56;
	objects = {

/* Begin PBXBuildFile section */
		86D500B9293E0A6C0044BE59 /* AppDelegate.swift in Sources */ = {isa = PBXBuildFile; fileRef = 86D500B8293E0A6C0044BE59 /* AppDelegate.swift */; };
		86D500BB293E0A6C0044BE59 /* SceneDelegate.swift in Sources */ = {isa = PBXBuildFile; fileRef = 86D500BA293E0A6C0044BE59 /* SceneDelegate.swift */; };
		86D500BD293E0A6C0044BE59 /* ViewController.swift in Sources */ = {isa = PBXBuildFile; fileRef = 86D500BC293E0A6C0044BE59 /* ViewController.swift */; };
		86D500C0293E0A6C0044BE59 /* Main.storyboard in Resources */ = {isa = PBXBuildFile; fileRef = 86D500BE293E0A6C0044BE59 /* Main.storyboard */; };
		86D500C2293E0A6D0044BE59 /* Assets.xcassets in Resources */ = {isa = PBXBuildFile; fileRef = 86D500C1293E0A6D0044BE59 /* Assets.xcassets */; };
		86D500C5293E0A6D0044BE59 /* LaunchScreen.storyboard in Resources */ = {isa = PBXBuildFile; fileRef = 86D500C3293E0A6D0044BE59 /* LaunchScreen.storyboard */; };
		86D500D0293E0A6E0044BE59 /* MapKitKullanimiTests.swift in Sources */ = {isa = PBXBuildFile; fileRef = 86D500CF293E0A6E0044BE59 /* MapKitKullanimiTests.swift */; };
		86D500DA293E0A6E0044BE59 /* MapKitKullanimiUITests.swift in Sources */ = {isa = PBXBuildFile; fileRef = 86D500D9293E0A6E0044BE59 /* MapKitKullanimiUITests.swift */; };
		86D500DC293E0A6E0044BE59 /* MapKitKullanimiUITestsLaunchTests.swift in Sources */ = {isa = PBXBuildFile; fileRef = 86D500DB293E0A6E0044BE59 /* MapKitKullanimiUITestsLaunchTests.swift */; };
/* End PBXBuildFile section */

/* Begin PBXContainerItemProxy section */
		86D500CC293E0A6E0044BE59 /* PBXContainerItemProxy */ = {
			isa = PBXContainerItemProxy;
			containerPortal = 86D500AD293E0A6C0044BE59 /* Project object */;
			proxyType = 1;
			remoteGlobalIDString = 86D500B4293E0A6C0044BE59;
			remoteInfo = MapKitKullanimi;
		};
		86D500D6293E0A6E0044BE59 /* PBXContainerItemProxy */ = {
			isa = PBXContainerItemProxy;
			containerPortal = 86D500AD293E0A6C0044BE59 /* Project object */;
			proxyType = 1;
			remoteGlobalIDString = 86D500B4293E0A6C0044BE59;
			remoteInfo = MapKitKullanimi;
		};
/* End PBXContainerItemProxy section */

/* Begin PBXFileReference section */
		86D500B5293E0A6C0044BE59 /* MapKitKullanimi.app */ = {isa = PBXFileReference; explicitFileType = wrapper.application; includeInIndex = 0; path = MapKitKullanimi.app; sourceTree = BUILT_PRODUCTS_DIR; };
		86D500B8293E0A6C0044BE59 /* AppDelegate.swift */ = {isa = PBXFileReference; lastKnownFileType = sourcecode.swift; path = AppDelegate.swift; sourceTree = "<group>"; };
		86D500BA293E0A6C0044BE59 /* SceneDelegate.swift */ = {isa = PBXFileReference; lastKnownFileType = sourcecode.swift; path = SceneDelegate.swift; sourceTree = "<group>"; };
		86D500BC293E0A6C0044BE59 /* ViewController.swift */ = {isa = PBXFileReference; lastKnownFileType = sourcecode.swift; path = ViewController.swift; sourceTree = "<group>"; };
		86D500BF293E0A6C0044BE59 /* Base */ = {isa = PBXFileReference; lastKnownFileType = file.storyboard; name = Base; path = Base.lproj/Main.storyboard; sourceTree = "<group>"; };
		86D500C1293E0A6D0044BE59 /* Assets.xcassets */ = {isa = PBXFileReference; lastKnownFileType = folder.assetcatalog; path = Assets.xcassets; sourceTree = "<group>"; };
		86D500C4293E0A6D0044BE59 /* Base */ = {isa = PBXFileReference; lastKnownFileType = file.storyboard; name = Base; path = Base.lproj/LaunchScreen.storyboard; sourceTree = "<group>"; };
		86D500C6293E0A6D0044BE59 /* Info.plist */ = {isa = PBXFileReference; lastKnownFileType = text.plist.xml; path = Info.plist; sourceTree = "<group>"; };
		86D500CB293E0A6E0044BE59 /* MapKitKullanimiTests.xctest */ = {isa = PBXFileReference; explicitFileType = wrapper.cfbundle; includeInIndex = 0; path = MapKitKullanimiTests.xctest; sourceTree = BUILT_PRODUCTS_DIR; };
		86D500CF293E0A6E0044BE59 /* MapKitKullanimiTests.swift */ = {isa = PBXFileReference; lastKnownFileType = sourcecode.swift; path = MapKitKullanimiTests.swift; sourceTree = "<group>"; };
		86D500D5293E0A6E0044BE59 /* MapKitKullanimiUITests.xctest */ = {isa = PBXFileReference; explicitFileType = wrapper.cfbundle; includeInIndex = 0; path = MapKitKullanimiUITests.xctest; sourceTree = BUILT_PRODUCTS_DIR; };
		86D500D9293E0A6E0044BE59 /* MapKitKullanimiUITests.swift */ = {isa = PBXFileReference; lastKnownFileType = sourcecode.swift; path = MapKitKullanimiUITests.swift; sourceTree = "<group>"; };
		86D500DB293E0A6E0044BE59 /* MapKitKullanimiUITestsLaunchTests.swift */ = {isa = PBXFileReference; lastKnownFileType = sourcecode.swift; path = MapKitKullanimiUITestsLaunchTests.swift; sourceTree = "<group>"; };
/* End PBXFileReference section */

/* Begin PBXFrameworksBuildPhase section */
		86D500B2293E0A6C0044BE59 /* Frameworks */ = {
			isa = PBXFrameworksBuildPhase;
			buildActionMask = 2147483647;
			files = (
			);
			runOnlyForDeploymentPostprocessing = 0;
		};
		86D500C8293E0A6E0044BE59 /* Frameworks */ = {
			isa = PBXFrameworksBuildPhase;
			buildActionMask = 2147483647;
			files = (
			);
			runOnlyForDeploymentPostprocessing = 0;
		};
		86D500D2293E0A6E0044BE59 /* Frameworks */ = {
			isa = PBXFrameworksBuildPhase;
			buildActionMask = 2147483647;
			files = (
			);
			runOnlyForDeploymentPostprocessing = 0;
		};
/* End PBXFrameworksBuildPhase section */

/* Begin PBXGroup section */
		86D500AC293E0A6C0044BE59 = {
			isa = PBXGroup;
			children = (
				86D500B7293E0A6C0044BE59 /* MapKitKullanimi */,
				86D500CE293E0A6E0044BE59 /* MapKitKullanimiTests */,
				86D500D8293E0A6E0044BE59 /* MapKitKullanimiUITests */,
				86D500B6293E0A6C0044BE59 /* Products */,
			);
			sourceTree = "<group>";
		};
		86D500B6293E0A6C0044BE59 /* Products */ = {
			isa = PBXGroup;
			children = (
				86D500B5293E0A6C0044BE59 /* MapKitKullanimi.app */,
				86D500CB293E0A6E0044BE59 /* MapKitKullanimiTests.xctest */,
				86D500D5293E0A6E0044BE59 /* MapKitKullanimiUITests.xctest */,
			);
			name = Products;
			sourceTree = "<group>";
		};
		86D500B7293E0A6C0044BE59 /* MapKitKullanimi */ = {
			isa = PBXGroup;
			children = (
				86D500B8293E0A6C0044BE59 /* AppDelegate.swift */,
				86D500BA293E0A6C0044BE59 /* SceneDelegate.swift */,
				86D500BC293E0A6C0044BE59 /* ViewController.swift */,
				86D500BE293E0A6C0044BE59 /* Main.storyboard */,
				86D500C1293E0A6D0044BE59 /* Assets.xcassets */,
				86D500C3293E0A6D0044BE59 /* LaunchScreen.storyboard */,
				86D500C6293E0A6D0044BE59 /* Info.plist */,
			);
			path = MapKitKullanimi;
			sourceTree = "<group>";
		};
		86D500CE293E0A6E0044BE59 /* MapKitKullanimiTests */ = {
			isa = PBXGroup;
			children = (
				86D500CF293E0A6E0044BE59 /* MapKitKullanimiTests.swift */,
			);
			path = MapKitKullanimiTests;
			sourceTree = "<group>";
		};
		86D500D8293E0A6E0044BE59 /* MapKitKullanimiUITests */ = {
			isa = PBXGroup;
			children = (
				86D500D9293E0A6E0044BE59 /* MapKitKullanimiUITests.swift */,
				86D500DB293E0A6E0044BE59 /* MapKitKullanimiUITestsLaunchTests.swift */,
			);
			path = MapKitKullanimiUITests;
			sourceTree = "<group>";
		};
/* End PBXGroup section */

/* Begin PBXNativeTarget section */
		86D500B4293E0A6C0044BE59 /* MapKitKullanimi */ = {
			isa = PBXNativeTarget;
			buildConfigurationList = 86D500DF293E0A6E0044BE59 /* Build configuration list for PBXNativeTarget "MapKitKullanimi" */;
			buildPhases = (
				86D500B1293E0A6C0044BE59 /* Sources */,
				86D500B2293E0A6C0044BE59 /* Frameworks */,
				86D500B3293E0A6C0044BE59 /* Resources */,
			);
			buildRules = (
			);
			dependencies = (
			);
			name = MapKitKullanimi;
			productName = MapKitKullanimi;
			productReference = 86D500B5293E0A6C0044BE59 /* MapKitKullanimi.app */;
			productType = "com.apple.product-type.application";
		};
		86D500CA293E0A6E0044BE59 /* MapKitKullanimiTests */ = {
			isa = PBXNativeTarget;
			buildConfigurationList = 86D500E2293E0A6E0044BE59 /* Build configuration list for PBXNativeTarget "MapKitKullanimiTests" */;
			buildPhases = (
				86D500C7293E0A6E0044BE59 /* Sources */,
				86D500C8293E0A6E0044BE59 /* Frameworks */,
				86D500C9293E0A6E0044BE59 /* Resources */,
			);
			buildRules = (
			);
			dependencies = (
				86D500CD293E0A6E0044BE59 /* PBXTargetDependency */,
			);
			name = MapKitKullanimiTests;
			productName = MapKitKullanimiTests;
			productReference = 86D500CB293E0A6E0044BE59 /* MapKitKullanimiTests.xctest */;
			productType = "com.apple.product-type.bundle.unit-test";
		};
		86D500D4293E0A6E0044BE59 /* MapKitKullanimiUITests */ = {
			isa = PBXNativeTarget;
			buildConfigurationList = 86D500E5293E0A6E0044BE59 /* Build configuration list for PBXNativeTarget "MapKitKullanimiUITests" */;
			buildPhases = (
				86D500D1293E0A6E0044BE59 /* Sources */,
				86D500D2293E0A6E0044BE59 /* Frameworks */,
				86D500D3293E0A6E0044BE59 /* Resources */,
			);
			buildRules = (
			);
			dependencies = (
				86D500D7293E0A6E0044BE59 /* PBXTargetDependency */,
			);
			name = MapKitKullanimiUITests;
			productName = MapKitKullanimiUITests;
			productReference = 86D500D5293E0A6E0044BE59 /* MapKitKullanimiUITests.xctest */;
			productType = "com.apple.product-type.bundle.ui-testing";
		};
/* End PBXNativeTarget section */

/* Begin PBXProject section */
		86D500AD293E0A6C0044BE59 /* Project object */ = {
			isa = PBXProject;
			attributes = {
				BuildIndependentTargetsInParallel = 1;
				LastSwiftUpdateCheck = 1400;
				LastUpgradeCheck = 1400;
				TargetAttributes = {
					86D500B4293E0A6C0044BE59 = {
						CreatedOnToolsVersion = 14.0.1;
					};
					86D500CA293E0A6E0044BE59 = {
						CreatedOnToolsVersion = 14.0.1;
						TestTargetID = 86D500B4293E0A6C0044BE59;
					};
					86D500D4293E0A6E0044BE59 = {
						CreatedOnToolsVersion = 14.0.1;
						TestTargetID = 86D500B4293E0A6C0044BE59;
					};
				};
			};
			buildConfigurationList = 86D500B0293E0A6C0044BE59 /* Build configuration list for PBXProject "MapKitKullanimi" */;
			compatibilityVersion = "Xcode 14.0";
			developmentRegion = en;
			hasScannedForEncodings = 0;
			knownRegions = (
				en,
				Base,
			);
			mainGroup = 86D500AC293E0A6C0044BE59;
			productRefGroup = 86D500B6293E0A6C0044BE59 /* Products */;
			projectDirPath = "";
			projectRoot = "";
			targets = (
				86D500B4293E0A6C0044BE59 /* MapKitKullanimi */,
				86D500CA293E0A6E0044BE59 /* MapKitKullanimiTests */,
				86D500D4293E0A6E0044BE59 /* MapKitKullanimiUITests */,
			);
		};
/* End PBXProject section */

/* Begin PBXResourcesBuildPhase section */
		86D500B3293E0A6C0044BE59 /* Resources */ = {
			isa = PBXResourcesBuildPhase;
			buildActionMask = 2147483647;
			files = (
				86D500C5293E0A6D0044BE59 /* LaunchScreen.storyboard in Resources */,
				86D500C2293E0A6D0044BE59 /* Assets.xcassets in Resources */,
				86D500C0293E0A6C0044BE59 /* Main.storyboard in Resources */,
			);
			runOnlyForDeploymentPostprocessing = 0;
		};
		86D500C9293E0A6E0044BE59 /* Resources */ = {
			isa = PBXResourcesBuildPhase;
			buildActionMask = 2147483647;
			files = (
			);
			runOnlyForDeploymentPostprocessing = 0;
		};
		86D500D3293E0A6E0044BE59 /* Resources */ = {
			isa = PBXResourcesBuildPhase;
			buildActionMask = 2147483647;
			files = (
			);
			runOnlyForDeploymentPostprocessing = 0;
		};
/* End PBXResourcesBuildPhase section */

/* Begin PBXSourcesBuildPhase section */
		86D500B1293E0A6C0044BE59 /* Sources */ = {
			isa = PBXSourcesBuildPhase;
			buildActionMask = 2147483647;
			files = (
				86D500BD293E0A6C0044BE59 /* ViewController.swift in Sources */,
				86D500B9293E0A6C0044BE59 /* AppDelegate.swift in Sources */,
				86D500BB293E0A6C0044BE59 /* SceneDelegate.swift in Sources */,
			);
			runOnlyForDeploymentPostprocessing = 0;
		};
		86D500C7293E0A6E0044BE59 /* Sources */ = {
			isa = PBXSourcesBuildPhase;
			buildActionMask = 2147483647;
			files = (
				86D500D0293E0A6E0044BE59 /* MapKitKullanimiTests.swift in Sources */,
			);
			runOnlyForDeploymentPostprocessing = 0;
		};
		86D500D1293E0A6E0044BE59 /* Sources */ = {
			isa = PBXSourcesBuildPhase;
			buildActionMask = 2147483647;
			files = (
				86D500DA293E0A6E0044BE59 /* MapKitKullanimiUITests.swift in Sources */,
				86D500DC293E0A6E0044BE59 /* MapKitKullanimiUITestsLaunchTests.swift in Sources */,
			);
			runOnlyForDeploymentPostprocessing = 0;
		};
/* End PBXSourcesBuildPhase section */

/* Begin PBXTargetDependency section */
		86D500CD293E0A6E0044BE59 /* PBXTargetDependency */ = {
			isa = PBXTargetDependency;
			target = 86D500B4293E0A6C0044BE59 /* MapKitKullanimi */;
			targetProxy = 86D500CC293E0A6E0044BE59 /* PBXContainerItemProxy */;
		};
		86D500D7293E0A6E0044BE59 /* PBXTargetDependency */ = {
			isa = PBXTargetDependency;
			target = 86D500B4293E0A6C0044BE59 /* MapKitKullanimi */;
			targetProxy = 86D500D6293E0A6E0044BE59 /* PBXContainerItemProxy */;
		};
/* End PBXTargetDependency section */

/* Begin PBXVariantGroup section */
		86D500BE293E0A6C0044BE59 /* Main.storyboard */ = {
			isa = PBXVariantGroup;
			children = (
				86D500BF293E0A6C0044BE59 /* Base */,
			);
			name = Main.storyboard;
			sourceTree = "<group>";
		};
		86D500C3293E0A6D0044BE59 /* LaunchScreen.storyboard */ = {
			isa = PBXVariantGroup;
			children = (
				86D500C4293E0A6D0044BE59 /* Base */,
			);
			name = LaunchScreen.storyboard;
			sourceTree = "<group>";
		};
/* End PBXVariantGroup section */

/* Begin XCBuildConfiguration section */
		86D500DD293E0A6E0044BE59 /* Debug */ = {
			isa = XCBuildConfiguration;
			buildSettings = {
				ALWAYS_SEARCH_USER_PATHS = NO;
				CLANG_ANALYZER_NONNULL = YES;
				CLANG_ANALYZER_NUMBER_OBJECT_CONVERSION = YES_AGGRESSIVE;
				CLANG_CXX_LANGUAGE_STANDARD = "gnu++20";
				CLANG_ENABLE_MODULES = YES;
				CLANG_ENABLE_OBJC_ARC = YES;
				CLANG_ENABLE_OBJC_WEAK = YES;
				CLANG_WARN_BLOCK_CAPTURE_AUTORELEASING = YES;
				CLANG_WARN_BOOL_CONVERSION = YES;
				CLANG_WARN_COMMA = YES;
				CLANG_WARN_CONSTANT_CONVERSION = YES;
				CLANG_WARN_DEPRECATED_OBJC_IMPLEMENTATIONS = YES;
				CLANG_WARN_DIRECT_OBJC_ISA_USAGE = YES_ERROR;
				CLANG_WARN_DOCUMENTATION_COMMENTS = YES;
				CLANG_WARN_EMPTY_BODY = YES;
				CLANG_WARN_ENUM_CONVERSION = YES;
				CLANG_WARN_INFINITE_RECURSION = YES;
				CLANG_WARN_INT_CONVERSION = YES;
				CLANG_WARN_NON_LITERAL_NULL_CONVERSION = YES;
				CLANG_WARN_OBJC_IMPLICIT_RETAIN_SELF = YES;
				CLANG_WARN_OBJC_LITERAL_CONVERSION = YES;
				CLANG_WARN_OBJC_ROOT_CLASS = YES_ERROR;
				CLANG_WARN_QUOTED_INCLUDE_IN_FRAMEWORK_HEADER = YES;
				CLANG_WARN_RANGE_LOOP_ANALYSIS = YES;
				CLANG_WARN_STRICT_PROTOTYPES = YES;
				CLANG_WARN_SUSPICIOUS_MOVE = YES;
				CLANG_WARN_UNGUARDED_AVAILABILITY = YES_AGGRESSIVE;
				CLANG_WARN_UNREACHABLE_CODE = YES;
				CLANG_WARN__DUPLICATE_METHOD_MATCH = YES;
				COPY_PHASE_STRIP = NO;
				DEBUG_INFORMATION_FORMAT = dwarf;
				ENABLE_STRICT_OBJC_MSGSEND = YES;
				ENABLE_TESTABILITY = YES;
				GCC_C_LANGUAGE_STANDARD = gnu11;
				GCC_DYNAMIC_NO_PIC = NO;
				GCC_NO_COMMON_BLOCKS = YES;
				GCC_OPTIMIZATION_LEVEL = 0;
				GCC_PREPROCESSOR_DEFINITIONS = (
					"DEBUG=1",
					"$(inherited)",
				);
				GCC_WARN_64_TO_32_BIT_CONVERSION = YES;
				GCC_WARN_ABOUT_RETURN_TYPE = YES_ERROR;
				GCC_WARN_UNDECLARED_SELECTOR = YES;
				GCC_WARN_UNINITIALIZED_AUTOS = YES_AGGRESSIVE;
				GCC_WARN_UNUSED_FUNCTION = YES;
				GCC_WARN_UNUSED_VARIABLE = YES;
				IPHONEOS_DEPLOYMENT_TARGET = 16.0;
				MTL_ENABLE_DEBUG_INFO = INCLUDE_SOURCE;
				MTL_FAST_MATH = YES;
				ONLY_ACTIVE_ARCH = YES;
				SDKROOT = iphoneos;
				SWIFT_ACTIVE_COMPILATION_CONDITIONS = DEBUG;
				SWIFT_OPTIMIZATION_LEVEL = "-Onone";
			};
			name = Debug;
		};
		86D500DE293E0A6E0044BE59 /* Release */ = {
			isa = XCBuildConfiguration;
			buildSettings = {
				ALWAYS_SEARCH_USER_PATHS = NO;
				CLANG_ANALYZER_NONNULL = YES;
				CLANG_ANALYZER_NUMBER_OBJECT_CONVERSION = YES_AGGRESSIVE;
				CLANG_CXX_LANGUAGE_STANDARD = "gnu++20";
				CLANG_ENABLE_MODULES = YES;
				CLANG_ENABLE_OBJC_ARC = YES;
				CLANG_ENABLE_OBJC_WEAK = YES;
				CLANG_WARN_BLOCK_CAPTURE_AUTORELEASING = YES;
				CLANG_WARN_BOOL_CONVERSION = YES;
				CLANG_WARN_COMMA = YES;
				CLANG_WARN_CONSTANT_CONVERSION = YES;
				CLANG_WARN_DEPRECATED_OBJC_IMPLEMENTATIONS = YES;
				CLANG_WARN_DIRECT_OBJC_ISA_USAGE = YES_ERROR;
				CLANG_WARN_DOCUMENTATION_COMMENTS = YES;
				CLANG_WARN_EMPTY_BODY = YES;
				CLANG_WARN_ENUM_CONVERSION = YES;
				CLANG_WARN_INFINITE_RECURSION = YES;
				CLANG_WARN_INT_CONVERSION = YES;
				CLANG_WARN_NON_LITERAL_NULL_CONVERSION = YES;
				CLANG_WARN_OBJC_IMPLICIT_RETAIN_SELF = YES;
				CLANG_WARN_OBJC_LITERAL_CONVERSION = YES;
				CLANG_WARN_OBJC_ROOT_CLASS = YES_ERROR;
				CLANG_WARN_QUOTED_INCLUDE_IN_FRAMEWORK_HEADER = YES;
				CLANG_WARN_RANGE_LOOP_ANALYSIS = YES;
				CLANG_WARN_STRICT_PROTOTYPES = YES;
				CLANG_WARN_SUSPICIOUS_MOVE = YES;
				CLANG_WARN_UNGUARDED_AVAILABILITY = YES_AGGRESSIVE;
				CLANG_WARN_UNREACHABLE_CODE = YES;
				CLANG_WARN__DUPLICATE_METHOD_MATCH = YES;
				COPY_PHASE_STRIP = NO;
				DEBUG_INFORMATION_FORMAT = "dwarf-with-dsym";
				ENABLE_NS_ASSERTIONS = NO;
				ENABLE_STRICT_OBJC_MSGSEND = YES;
				GCC_C_LANGUAGE_STANDARD = gnu11;
				GCC_NO_COMMON_BLOCKS = YES;
				GCC_WARN_64_TO_32_BIT_CONVERSION = YES;
				GCC_WARN_ABOUT_RETURN_TYPE = YES_ERROR;
				GCC_WARN_UNDECLARED_SELECTOR = YES;
				GCC_WARN_UNINITIALIZED_AUTOS = YES_AGGRESSIVE;
				GCC_WARN_UNUSED_FUNCTION = YES;
				GCC_WARN_UNUSED_VARIABLE = YES;
				IPHONEOS_DEPLOYMENT_TARGET = 16.0;
				MTL_ENABLE_DEBUG_INFO = NO;
				MTL_FAST_MATH = YES;
				SDKROOT = iphoneos;
				SWIFT_COMPILATION_MODE = wholemodule;
				SWIFT_OPTIMIZATION_LEVEL = "-O";
				VALIDATE_PRODUCT = YES;
			};
			name = Release;
		};
		86D500E0293E0A6E0044BE59 /* Debug */ = {
			isa = XCBuildConfiguration;
			buildSettings = {
				ASSETCATALOG_COMPILER_APPICON_NAME = AppIcon;
				ASSETCATALOG_COMPILER_GLOBAL_ACCENT_COLOR_NAME = AccentColor;
				CODE_SIGN_STYLE = Automatic;
				CURRENT_PROJECT_VERSION = 1;
				DEVELOPMENT_TEAM = DW4R8GHFA2;
				GENERATE_INFOPLIST_FILE = YES;
				INFOPLIST_FILE = MapKitKullanimi/Info.plist;
				INFOPLIST_KEY_UIApplicationSupportsIndirectInputEvents = YES;
				INFOPLIST_KEY_UILaunchStoryboardName = LaunchScreen;
				INFOPLIST_KEY_UIMainStoryboardFile = Main;
				INFOPLIST_KEY_UISupportedInterfaceOrientations_iPad = "UIInterfaceOrientationPortrait UIInterfaceOrientationPortraitUpsideDown UIInterfaceOrientationLandscapeLeft UIInterfaceOrientationLandscapeRight";
				INFOPLIST_KEY_UISupportedInterfaceOrientations_iPhone = "UIInterfaceOrientationPortrait UIInterfaceOrientationLandscapeLeft UIInterfaceOrientationLandscapeRight";
				LD_RUNPATH_SEARCH_PATHS = (
					"$(inherited)",
					"@executable_path/Frameworks",
				);
				MARKETING_VERSION = 1.0;
				PRODUCT_BUNDLE_IDENTIFIER = ilker.MapKitKullanimi;
				PRODUCT_NAME = "$(TARGET_NAME)";
				SWIFT_EMIT_LOC_STRINGS = YES;
				SWIFT_VERSION = 5.0;
				TARGETED_DEVICE_FAMILY = "1,2";
			};
			name = Debug;
		};
		86D500E1293E0A6E0044BE59 /* Release */ = {
			isa = XCBuildConfiguration;
			buildSettings = {
				ASSETCATALOG_COMPILER_APPICON_NAME = AppIcon;
				ASSETCATALOG_COMPILER_GLOBAL_ACCENT_COLOR_NAME = AccentColor;
				CODE_SIGN_STYLE = Automatic;
				CURRENT_PROJECT_VERSION = 1;
				DEVELOPMENT_TEAM = DW4R8GHFA2;
				GENERATE_INFOPLIST_FILE = YES;
				INFOPLIST_FILE = MapKitKullanimi/Info.plist;
				INFOPLIST_KEY_UIApplicationSupportsIndirectInputEvents = YES;
				INFOPLIST_KEY_UILaunchStoryboardName = LaunchScreen;
				INFOPLIST_KEY_UIMainStoryboardFile = Main;
				INFOPLIST_KEY_UISupportedInterfaceOrientations_iPad = "UIInterfaceOrientationPortrait UIInterfaceOrientationPortraitUpsideDown UIInterfaceOrientationLandscapeLeft UIInterfaceOrientationLandscapeRight";
				INFOPLIST_KEY_UISupportedInterfaceOrientations_iPhone = "UIInterfaceOrientationPortrait UIInterfaceOrientationLandscapeLeft UIInterfaceOrientationLandscapeRight";
				LD_RUNPATH_SEARCH_PATHS = (
					"$(inherited)",
					"@executable_path/Frameworks",
				);
				MARKETING_VERSION = 1.0;
				PRODUCT_BUNDLE_IDENTIFIER = ilker.MapKitKullanimi;
				PRODUCT_NAME = "$(TARGET_NAME)";
				SWIFT_EMIT_LOC_STRINGS = YES;
				SWIFT_VERSION = 5.0;
				TARGETED_DEVICE_FAMILY = "1,2";
			};
			name = Release;
		};
		86D500E3293E0A6E0044BE59 /* Debug */ = {
			isa = XCBuildConfiguration;
			buildSettings = {
				ALWAYS_EMBED_SWIFT_STANDARD_LIBRARIES = YES;
				BUNDLE_LOADER = "$(TEST_HOST)";
				CODE_SIGN_STYLE = Automatic;
				CURRENT_PROJECT_VERSION = 1;
				DEVELOPMENT_TEAM = DW4R8GHFA2;
				GENERATE_INFOPLIST_FILE = YES;
				IPHONEOS_DEPLOYMENT_TARGET = 16.0;
				MARKETING_VERSION = 1.0;
				PRODUCT_BUNDLE_IDENTIFIER = ilker.MapKitKullanimiTests;
				PRODUCT_NAME = "$(TARGET_NAME)";
				SWIFT_EMIT_LOC_STRINGS = NO;
				SWIFT_VERSION = 5.0;
				TARGETED_DEVICE_FAMILY = "1,2";
				TEST_HOST = "$(BUILT_PRODUCTS_DIR)/MapKitKullanimi.app/$(BUNDLE_EXECUTABLE_FOLDER_PATH)/MapKitKullanimi";
			};
			name = Debug;
		};
		86D500E4293E0A6E0044BE59 /* Release */ = {
			isa = XCBuildConfiguration;
			buildSettings = {
				ALWAYS_EMBED_SWIFT_STANDARD_LIBRARIES = YES;
				BUNDLE_LOADER = "$(TEST_HOST)";
				CODE_SIGN_STYLE = Automatic;
				CURRENT_PROJECT_VERSION = 1;
				DEVELOPMENT_TEAM = DW4R8GHFA2;
				GENERATE_INFOPLIST_FILE = YES;
				IPHONEOS_DEPLOYMENT_TARGET = 16.0;
				MARKETING_VERSION = 1.0;
				PRODUCT_BUNDLE_IDENTIFIER = ilker.MapKitKullanimiTests;
				PRODUCT_NAME = "$(TARGET_NAME)";
				SWIFT_EMIT_LOC_STRINGS = NO;
				SWIFT_VERSION = 5.0;
				TARGETED_DEVICE_FAMILY = "1,2";
				TEST_HOST = "$(BUILT_PRODUCTS_DIR)/MapKitKullanimi.app/$(BUNDLE_EXECUTABLE_FOLDER_PATH)/MapKitKullanimi";
			};
			name = Release;
		};
		86D500E6293E0A6E0044BE59 /* Debug */ = {
			isa = XCBuildConfiguration;
			buildSettings = {
				ALWAYS_EMBED_SWIFT_STANDARD_LIBRARIES = YES;
				CODE_SIGN_STYLE = Automatic;
				CURRENT_PROJECT_VERSION = 1;
				DEVELOPMENT_TEAM = DW4R8GHFA2;
				GENERATE_INFOPLIST_FILE = YES;
				MARKETING_VERSION = 1.0;
				PRODUCT_BUNDLE_IDENTIFIER = ilker.MapKitKullanimiUITests;
				PRODUCT_NAME = "$(TARGET_NAME)";
				SWIFT_EMIT_LOC_STRINGS = NO;
				SWIFT_VERSION = 5.0;
				TARGETED_DEVICE_FAMILY = "1,2";
				TEST_TARGET_NAME = MapKitKullanimi;
			};
			name = Debug;
		};
		86D500E7293E0A6E0044BE59 /* Release */ = {
			isa = XCBuildConfiguration;
			buildSettings = {
				ALWAYS_EMBED_SWIFT_STANDARD_LIBRARIES = YES;
				CODE_SIGN_STYLE = Automatic;
				CURRENT_PROJECT_VERSION = 1;
				DEVELOPMENT_TEAM = DW4R8GHFA2;
				GENERATE_INFOPLIST_FILE = YES;
				MARKETING_VERSION = 1.0;
				PRODUCT_BUNDLE_IDENTIFIER = ilker.MapKitKullanimiUITests;
				PRODUCT_NAME = "$(TARGET_NAME)";
				SWIFT_EMIT_LOC_STRINGS = NO;
				SWIFT_VERSION = 5.0;
				TARGETED_DEVICE_FAMILY = "1,2";
				TEST_TARGET_NAME = MapKitKullanimi;
			};
			name = Release;
		};
/* End XCBuildConfiguration section */

/* Begin XCConfigurationList section */
		86D500B0293E0A6C0044BE59 /* Build configuration list for PBXProject "MapKitKullanimi" */ = {
			isa = XCConfigurationList;
			buildConfigurations = (
				86D500DD293E0A6E0044BE59 /* Debug */,
				86D500DE293E0A6E0044BE59 /* Release */,
			);
			defaultConfigurationIsVisible = 0;
			defaultConfigurationName = Release;
		};
		86D500DF293E0A6E0044BE59 /* Build configuration list for PBXNativeTarget "MapKitKullanimi" */ = {
			isa = XCConfigurationList;
			buildConfigurations = (
				86D500E0293E0A6E0044BE59 /* Debug */,
				86D500E1293E0A6E0044BE59 /* Release */,
			);
			defaultConfigurationIsVisible = 0;
			defaultConfigurationName = Release;
		};
		86D500E2293E0A6E0044BE59 /* Build configuration list for PBXNativeTarget "MapKitKullanimiTests" */ = {
			isa = XCConfigurationList;
			buildConfigurations = (
				86D500E3293E0A6E0044BE59 /* Debug */,
				86D500E4293E0A6E0044BE59 /* Release */,
			);
			defaultConfigurationIsVisible = 0;
			defaultConfigurationName = Release;
		};
		86D500E5293E0A6E0044BE59 /* Build configuration list for PBXNativeTarget "MapKitKullanimiUITests" */ = {
			isa = XCConfigurationList;
			buildConfigurations = (
				86D500E6293E0A6E0044BE59 /* Debug */,
				86D500E7293E0A6E0044BE59 /* Release */,
			);
			defaultConfigurationIsVisible = 0;
			defaultConfigurationName = Release;
		};
/* End XCConfigurationList section */
	};
	rootObject = 86D500AD293E0A6C0044BE59 /* Project object */;
}
